
Microsoft Visual Studio Solution File, Format Version 12.00
# Visual Studio Version 16
VisualStudioVersion = 16.0.31605.320
MinimumVisualStudioVersion = 10.0.40219.1
Project("{FAE04EC0-301F-11D3-BF4B-00C04F79EFBC}") = "ReservationService", "ReservationService\ReservationService.csproj", "{307AE74E-1275-4AE9-A7C5-E8DF5CA10533}"
EndProject
Global
	GlobalSection(SolutionConfigurationPlatforms) = preSolution
		Debug|Any CPU = Debug|Any CPU
		Release|Any CPU = Release|Any CPU
	EndGlobalSection
	GlobalSection(ProjectConfigurationPlatforms) = postSolution
		{307AE74E-1275-4AE9-A7C5-E8DF5CA10533}.Debug|Any CPU.ActiveCfg = Debug|Any CPU
		{307AE74E-1275-4AE9-A7C5-E8DF5CA10533}.Debug|Any CPU.Build.0 = Debug|Any CPU
		{307AE74E-1275-4AE9-A7C5-E8DF5CA10533}.Release|Any CPU.ActiveCfg = Release|Any CPU
		{307AE74E-1275-4AE9-A7C5-E8DF5CA10533}.Release|Any CPU.Build.0 = Release|Any CPU
	EndGlobalSection
	GlobalSection(SolutionProperties) = preSolution
		HideSolutionNode = FALSE
	EndGlobalSection
	GlobalSection(ExtensibilityGlobals) = postSolution
		SolutionGuid = {ED6CA692-2EF3-48E6-A51E-14A8E7A0A9F0}
	EndGlobalSection
EndGlobal
